// !$*UTF8*$!
{
	archiveVersion = 1;
	classes = {
	};
	objectVersion = 46;
	objects = {

/* Begin PBXBuildFile section */
		75A0F47E196FE38C004EC758 /* Foundation.framework in Frameworks */ = {isa = PBXBuildFile; fileRef = 75A0F47D196FE38C004EC758 /* Foundation.framework */; };
		75A0F480196FE38C004EC758 /* CoreGraphics.framework in Frameworks */ = {isa = PBXBuildFile; fileRef = 75A0F47F196FE38C004EC758 /* CoreGraphics.framework */; };
		75A0F482196FE38C004EC758 /* UIKit.framework in Frameworks */ = {isa = PBXBuildFile; fileRef = 75A0F481196FE38C004EC758 /* UIKit.framework */; };
		75A0F488196FE38C004EC758 /* InfoPlist.strings in Resources */ = {isa = PBXBuildFile; fileRef = 75A0F486196FE38C004EC758 /* InfoPlist.strings */; };
		75A0F48A196FE38C004EC758 /* main.m in Sources */ = {isa = PBXBuildFile; fileRef = 75A0F489196FE38C004EC758 /* main.m */; };
		75A0F48E196FE38C004EC758 /* AppDelegate.m in Sources */ = {isa = PBXBuildFile; fileRef = 75A0F48D196FE38C004EC758 /* AppDelegate.m */; };
		75A0F491196FE38C004EC758 /* Main.storyboard in Resources */ = {isa = PBXBuildFile; fileRef = 75A0F48F196FE38C004EC758 /* Main.storyboard */; };
		75A0F494196FE38C004EC758 /* ViewController.m in Sources */ = {isa = PBXBuildFile; fileRef = 75A0F493196FE38C004EC758 /* ViewController.m */; };
		75A0F496196FE38C004EC758 /* Images.xcassets in Resources */ = {isa = PBXBuildFile; fileRef = 75A0F495196FE38C004EC758 /* Images.xcassets */; };
		75A0F49D196FE38C004EC758 /* XCTest.framework in Frameworks */ = {isa = PBXBuildFile; fileRef = 75A0F49C196FE38C004EC758 /* XCTest.framework */; };
		75A0F49E196FE38C004EC758 /* Foundation.framework in Frameworks */ = {isa = PBXBuildFile; fileRef = 75A0F47D196FE38C004EC758 /* Foundation.framework */; };
		75A0F49F196FE38C004EC758 /* UIKit.framework in Frameworks */ = {isa = PBXBuildFile; fileRef = 75A0F481196FE38C004EC758 /* UIKit.framework */; };
		75A0F4A7196FE38C004EC758 /* InfoPlist.strings in Resources */ = {isa = PBXBuildFile; fileRef = 75A0F4A5196FE38C004EC758 /* InfoPlist.strings */; };
		75A0F4A9196FE38C004EC758 /* gitTestTests.m in Sources */ = {isa = PBXBuildFile; fileRef = 75A0F4A8196FE38C004EC758 /* gitTestTests.m */; };
/* End PBXBuildFile section */

/* Begin PBXContainerItemProxy section */
		75A0F4A0196FE38C004EC758 /* PBXContainerItemProxy */ = {
			isa = PBXContainerItemProxy;
			containerPortal = 75A0F472196FE38C004EC758 /* Project object */;
			proxyType = 1;
			remoteGlobalIDString = 75A0F479196FE38C004EC758;
			remoteInfo = gitTest;
		};
/* End PBXContainerItemProxy section */

/* Begin PBXFileReference section */
		75A0F47A196FE38C004EC758 /* gitTest.app */ = {isa = PBXFileReference; explicitFileType = wrapper.application; includeInIndex = 0; path = gitTest.app; sourceTree = BUILT_PRODUCTS_DIR; };
		75A0F47D196FE38C004EC758 /* Foundation.framework */ = {isa = PBXFileReference; lastKnownFileType = wrapper.framework; name = Foundation.framework; path = System/Library/Frameworks/Foundation.framework; sourceTree = SDKROOT; };
		75A0F47F196FE38C004EC758 /* CoreGraphics.framework */ = {isa = PBXFileReference; lastKnownFileType = wrapper.framework; name = CoreGraphics.framework; path = System/Library/Frameworks/CoreGraphics.framework; sourceTree = SDKROOT; };
		75A0F481196FE38C004EC758 /* UIKit.framework */ = {isa = PBXFileReference; lastKnownFileType = wrapper.framework; name = UIKit.framework; path = System/Library/Frameworks/UIKit.framework; sourceTree = SDKROOT; };
		75A0F485196FE38C004EC758 /* gitTest-Info.plist */ = {isa = PBXFileReference; lastKnownFileType = text.plist.xml; path = "gitTest-Info.plist"; sourceTree = "<group>"; };
		75A0F487196FE38C004EC758 /* en */ = {isa = PBXFileReference; lastKnownFileType = text.plist.strings; name = en; path = en.lproj/InfoPlist.strings; sourceTree = "<group>"; };
		75A0F489196FE38C004EC758 /* main.m */ = {isa = PBXFileReference; lastKnownFileType = sourcecode.c.objc; path = main.m; sourceTree = "<group>"; };
		75A0F48B196FE38C004EC758 /* gitTest-Prefix.pch */ = {isa = PBXFileReference; lastKnownFileType = sourcecode.c.h; path = "gitTest-Prefix.pch"; sourceTree = "<group>"; };
		75A0F48C196FE38C004EC758 /* AppDelegate.h */ = {isa = PBXFileReference; lastKnownFileType = sourcecode.c.h; path = AppDelegate.h; sourceTree = "<group>"; };
		75A0F48D196FE38C004EC758 /* AppDelegate.m */ = {isa = PBXFileReference; lastKnownFileType = sourcecode.c.objc; path = AppDelegate.m; sourceTree = "<group>"; };
		75A0F490196FE38C004EC758 /* Base */ = {isa = PBXFileReference; lastKnownFileType = file.storyboard; name = Base; path = Base.lproj/Main.storyboard; sourceTree = "<group>"; };
		75A0F492196FE38C004EC758 /* ViewController.h */ = {isa = PBXFileReference; lastKnownFileType = sourcecode.c.h; path = ViewController.h; sourceTree = "<group>"; };
		75A0F493196FE38C004EC758 /* ViewController.m */ = {isa = PBXFileReference; lastKnownFileType = sourcecode.c.objc; path = ViewController.m; sourceTree = "<group>"; };
		75A0F495196FE38C004EC758 /* Images.xcassets */ = {isa = PBXFileReference; lastKnownFileType = folder.assetcatalog; path = Images.xcassets; sourceTree = "<group>"; };
		75A0F49B196FE38C004EC758 /* gitTestTests.xctest */ = {isa = PBXFileReference; explicitFileType = wrapper.cfbundle; includeInIndex = 0; path = gitTestTests.xctest; sourceTree = BUILT_PRODUCTS_DIR; };
		75A0F49C196FE38C004EC758 /* XCTest.framework */ = {isa = PBXFileReference; lastKnownFileType = wrapper.framework; name = XCTest.framework; path = Library/Frameworks/XCTest.framework; sourceTree = DEVELOPER_DIR; };
		75A0F4A4196FE38C004EC758 /* gitTestTests-Info.plist */ = {isa = PBXFileReference; lastKnownFileType = text.plist.xml; path = "gitTestTests-Info.plist"; sourceTree = "<group>"; };
		75A0F4A6196FE38C004EC758 /* en */ = {isa = PBXFileReference; lastKnownFileType = text.plist.strings; name = en; path = en.lproj/InfoPlist.strings; sourceTree = "<group>"; };
		75A0F4A8196FE38C004EC758 /* gitTestTests.m */ = {isa = PBXFileReference; lastKnownFileType = sourcecode.c.objc; path = gitTestTests.m; sourceTree = "<group>"; };
/* End PBXFileReference section */

/* Begin PBXFrameworksBuildPhase section */
		75A0F477196FE38C004EC758 /* Frameworks */ = {
			isa = PBXFrameworksBuildPhase;
			buildActionMask = 2147483647;
			files = (
				75A0F480196FE38C004EC758 /* CoreGraphics.framework in Frameworks */,
				75A0F482196FE38C004EC758 /* UIKit.framework in Frameworks */,
				75A0F47E196FE38C004EC758 /* Foundation.framework in Frameworks */,
			);
			runOnlyForDeploymentPostprocessing = 0;
		};
		75A0F498196FE38C004EC758 /* Frameworks */ = {
			isa = PBXFrameworksBuildPhase;
			buildActionMask = 2147483647;
			files = (
				75A0F49D196FE38C004EC758 /* XCTest.framework in Frameworks */,
				75A0F49F196FE38C004EC758 /* UIKit.framework in Frameworks */,
				75A0F49E196FE38C004EC758 /* Foundation.framework in Frameworks */,
			);
			runOnlyForDeploymentPostprocessing = 0;
		};
/* End PBXFrameworksBuildPhase section */

/* Begin PBXGroup section */
		75A0F471196FE38C004EC758 = {
			isa = PBXGroup;
			children = (
				75A0F483196FE38C004EC758 /* gitTest */,
				75A0F4A2196FE38C004EC758 /* gitTestTests */,
				75A0F47C196FE38C004EC758 /* Frameworks */,
				75A0F47B196FE38C004EC758 /* Products */,
			);
			sourceTree = "<group>";
		};
		75A0F47B196FE38C004EC758 /* Products */ = {
			isa = PBXGroup;
			children = (
				75A0F47A196FE38C004EC758 /* gitTest.app */,
				75A0F49B196FE38C004EC758 /* gitTestTests.xctest */,
			);
			name = Products;
			sourceTree = "<group>";
		};
		75A0F47C196FE38C004EC758 /* Frameworks */ = {
			isa = PBXGroup;
			children = (
				75A0F47D196FE38C004EC758 /* Foundation.framework */,
				75A0F47F196FE38C004EC758 /* CoreGraphics.framework */,
				75A0F481196FE38C004EC758 /* UIKit.framework */,
				75A0F49C196FE38C004EC758 /* XCTest.framework */,
			);
			name = Frameworks;
			sourceTree = "<group>";
		};
		75A0F483196FE38C004EC758 /* gitTest */ = {
			isa = PBXGroup;
			children = (
				75A0F48C196FE38C004EC758 /* AppDelegate.h */,
				75A0F48D196FE38C004EC758 /* AppDelegate.m */,
				75A0F48F196FE38C004EC758 /* Main.storyboard */,
				75A0F492196FE38C004EC758 /* ViewController.h */,
				75A0F493196FE38C004EC758 /* ViewController.m */,
				75A0F495196FE38C004EC758 /* Images.xcassets */,
				75A0F484196FE38C004EC758 /* Supporting Files */,
			);
			path = gitTest;
			sourceTree = "<group>";
		};
		75A0F484196FE38C004EC758 /* Supporting Files */ = {
			isa = PBXGroup;
			children = (
				75A0F485196FE38C004EC758 /* gitTest-Info.plist */,
				75A0F486196FE38C004EC758 /* InfoPlist.strings */,
				75A0F489196FE38C004EC758 /* main.m */,
				75A0F48B196FE38C004EC758 /* gitTest-Prefix.pch */,
			);
			name = "Supporting Files";
			sourceTree = "<group>";
		};
		75A0F4A2196FE38C004EC758 /* gitTestTests */ = {
			isa = PBXGroup;
			children = (
				75A0F4A8196FE38C004EC758 /* gitTestTests.m */,
				75A0F4A3196FE38C004EC758 /* Supporting Files */,
			);
			path = gitTestTests;
			sourceTree = "<group>";
		};
		75A0F4A3196FE38C004EC758 /* Supporting Files */ = {
			isa = PBXGroup;
			children = (
				75A0F4A4196FE38C004EC758 /* gitTestTests-Info.plist */,
				75A0F4A5196FE38C004EC758 /* InfoPlist.strings */,
			);
			name = "Supporting Files";
			sourceTree = "<group>";
		};
/* End PBXGroup section */

/* Begin PBXNativeTarget section */
		75A0F479196FE38C004EC758 /* gitTest */ = {
			isa = PBXNativeTarget;
			buildConfigurationList = 75A0F4AC196FE38C004EC758 /* Build configuration list for PBXNativeTarget "gitTest" */;
			buildPhases = (
				75A0F476196FE38C004EC758 /* Sources */,
				75A0F477196FE38C004EC758 /* Frameworks */,
				75A0F478196FE38C004EC758 /* Resources */,
			);
			buildRules = (
			);
			dependencies = (
			);
			name = gitTest;
			productName = gitTest;
			productReference = 75A0F47A196FE38C004EC758 /* gitTest.app */;
			productType = "com.apple.product-type.application";
		};
		75A0F49A196FE38C004EC758 /* gitTestTests */ = {
			isa = PBXNativeTarget;
			buildConfigurationList = 75A0F4AF196FE38C004EC758 /* Build configuration list for PBXNativeTarget "gitTestTests" */;
			buildPhases = (
				75A0F497196FE38C004EC758 /* Sources */,
				75A0F498196FE38C004EC758 /* Frameworks */,
				75A0F499196FE38C004EC758 /* Resources */,
			);
			buildRules = (
			);
			dependencies = (
				75A0F4A1196FE38C004EC758 /* PBXTargetDependency */,
			);
			name = gitTestTests;
			productName = gitTestTests;
			productReference = 75A0F49B196FE38C004EC758 /* gitTestTests.xctest */;
			productType = "com.apple.product-type.bundle.unit-test";
		};
/* End PBXNativeTarget section */

/* Begin PBXProject section */
		75A0F472196FE38C004EC758 /* Project object */ = {
			isa = PBXProject;
			attributes = {
				LastUpgradeCheck = 0500;
				ORGANIZATIONNAME = yong58;
				TargetAttributes = {
					75A0F49A196FE38C004EC758 = {
						TestTargetID = 75A0F479196FE38C004EC758;
					};
				};
			};
			buildConfigurationList = 75A0F475196FE38C004EC758 /* Build configuration list for PBXProject "gitTest" */;
			compatibilityVersion = "Xcode 3.2";
			developmentRegion = English;
			hasScannedForEncodings = 0;
			knownRegions = (
				en,
				Base,
			);
			mainGroup = 75A0F471196FE38C004EC758;
			productRefGroup = 75A0F47B196FE38C004EC758 /* Products */;
			projectDirPath = "";
			projectRoot = "";
			targets = (
				75A0F479196FE38C004EC758 /* gitTest */,
				75A0F49A196FE38C004EC758 /* gitTestTests */,
			);
		};
/* End PBXProject section */

/* Begin PBXResourcesBuildPhase section */
		75A0F478196FE38C004EC758 /* Resources */ = {
			isa = PBXResourcesBuildPhase;
			buildActionMask = 2147483647;
			files = (
				75A0F496196FE38C004EC758 /* Images.xcassets in Resources */,
				75A0F488196FE38C004EC758 /* InfoPlist.strings in Resources */,
				75A0F491196FE38C004EC758 /* Main.storyboard in Resources */,
			);
			runOnlyForDeploymentPostprocessing = 0;
		};
		75A0F499196FE38C004EC758 /* Resources */ = {
			isa = PBXResourcesBuildPhase;
			buildActionMask = 2147483647;
			files = (
				75A0F4A7196FE38C004EC758 /* InfoPlist.strings in Resources */,
			);
			runOnlyForDeploymentPostprocessing = 0;
		};
/* End PBXResourcesBuildPhase section */

/* Begin PBXSourcesBuildPhase section */
		75A0F476196FE38C004EC758 /* Sources */ = {
			isa = PBXSourcesBuildPhase;
			buildActionMask = 2147483647;
			files = (
				75A0F494196FE38C004EC758 /* ViewController.m in Sources */,
				75A0F48E196FE38C004EC758 /* AppDelegate.m in Sources */,
				75A0F48A196FE38C004EC758 /* main.m in Sources */,
			);
			runOnlyForDeploymentPostprocessing = 0;
		};
		75A0F497196FE38C004EC758 /* Sources */ = {
			isa = PBXSourcesBuildPhase;
			buildActionMask = 2147483647;
			files = (
				75A0F4A9196FE38C004EC758 /* gitTestTests.m in Sources */,
			);
			runOnlyForDeploymentPostprocessing = 0;
		};
/* End PBXSourcesBuildPhase section */

/* Begin PBXTargetDependency section */
		75A0F4A1196FE38C004EC758 /* PBXTargetDependency */ = {
			isa = PBXTargetDependency;
			target = 75A0F479196FE38C004EC758 /* gitTest */;
			targetProxy = 75A0F4A0196FE38C004EC758 /* PBXContainerItemProxy */;
		};
/* End PBXTargetDependency section */

/* Begin PBXVariantGroup section */
		75A0F486196FE38C004EC758 /* InfoPlist.strings */ = {
			isa = PBXVariantGroup;
			children = (
				75A0F487196FE38C004EC758 /* en */,
			);
			name = InfoPlist.strings;
			sourceTree = "<group>";
		};
		75A0F48F196FE38C004EC758 /* Main.storyboard */ = {
			isa = PBXVariantGroup;
			children = (
				75A0F490196FE38C004EC758 /* Base */,
			);
			name = Main.storyboard;
			sourceTree = "<group>";
		};
		75A0F4A5196FE38C004EC758 /* InfoPlist.strings */ = {
			isa = PBXVariantGroup;
			children = (
				75A0F4A6196FE38C004EC758 /* en */,
			);
			name = InfoPlist.strings;
			sourceTree = "<group>";
		};
/* End PBXVariantGroup section */

/* Begin XCBuildConfiguration section */
		75A0F4AA196FE38C004EC758 /* Debug */ = {
			isa = XCBuildConfiguration;
			buildSettings = {
				ALWAYS_SEARCH_USER_PATHS = NO;
				ARCHS = "$(ARCHS_STANDARD_INCLUDING_64_BIT)";
				CLANG_CXX_LANGUAGE_STANDARD = "gnu++0x";
				CLANG_CXX_LIBRARY = "libc++";
				CLANG_ENABLE_MODULES = YES;
				CLANG_ENABLE_OBJC_ARC = YES;
				CLANG_WARN_BOOL_CONVERSION = YES;
				CLANG_WARN_CONSTANT_CONVERSION = YES;
				CLANG_WARN_DIRECT_OBJC_ISA_USAGE = YES_ERROR;
				CLANG_WARN_EMPTY_BODY = YES;
				CLANG_WARN_ENUM_CONVERSION = YES;
				CLANG_WARN_INT_CONVERSION = YES;
				CLANG_WARN_OBJC_ROOT_CLASS = YES_ERROR;
				CLANG_WARN__DUPLICATE_METHOD_MATCH = YES;
				"CODE_SIGN_IDENTITY[sdk=iphoneos*]" = "iPhone Developer";
				COPY_PHASE_STRIP = NO;
				GCC_C_LANGUAGE_STANDARD = gnu99;
				GCC_DYNAMIC_NO_PIC = NO;
				GCC_OPTIMIZATION_LEVEL = 0;
				GCC_PREPROCESSOR_DEFINITIONS = (
					"DEBUG=1",
					"$(inherited)",
				);
				GCC_SYMBOLS_PRIVATE_EXTERN = NO;
				GCC_WARN_64_TO_32_BIT_CONVERSION = YES;
				GCC_WARN_ABOUT_RETURN_TYPE = YES_ERROR;
				GCC_WARN_UNDECLARED_SELECTOR = YES;
				GCC_WARN_UNINITIALIZED_AUTOS = YES;
				GCC_WARN_UNUSED_FUNCTION = YES;
				GCC_WARN_UNUSED_VARIABLE = YES;
				IPHONEOS_DEPLOYMENT_TARGET = 7.0;
				ONLY_ACTIVE_ARCH = YES;
				SDKROOT = iphoneos;
			};
			name = Debug;
		};
		75A0F4AB196FE38C004EC758 /* Release */ = {
			isa = XCBuildConfiguration;
			buildSettings = {
				ALWAYS_SEARCH_USER_PATHS = NO;
				ARCHS = "$(ARCHS_STANDARD_INCLUDING_64_BIT)";
				CLANG_CXX_LANGUAGE_STANDARD = "gnu++0x";
				CLANG_CXX_LIBRARY = "libc++";
				CLANG_ENABLE_MODULES = YES;
				CLANG_ENABLE_OBJC_ARC = YES;
				CLANG_WARN_BOOL_CONVERSION = YES;
				CLANG_WARN_CONSTANT_CONVERSION = YES;
				CLANG_WARN_DIRECT_OBJC_ISA_USAGE = YES_ERROR;
				CLANG_WARN_EMPTY_BODY = YES;
				CLANG_WARN_ENUM_CONVERSION = YES;
				CLANG_WARN_INT_CONVERSION = YES;
				CLANG_WARN_OBJC_ROOT_CLASS = YES_ERROR;
				CLANG_WARN__DUPLICATE_METHOD_MATCH = YES;
				"CODE_SIGN_IDENTITY[sdk=iphoneos*]" = "iPhone Developer";
				COPY_PHASE_STRIP = YES;
				ENABLE_NS_ASSERTIONS = NO;
				GCC_C_LANGUAGE_STANDARD = gnu99;
				GCC_WARN_64_TO_32_BIT_CONVERSION = YES;
				GCC_WARN_ABOUT_RETURN_TYPE = YES_ERROR;
				GCC_WARN_UNDECLARED_SELECTOR = YES;
				GCC_WARN_UNINITIALIZED_AUTOS = YES;
				GCC_WARN_UNUSED_FUNCTION = YES;
				GCC_WARN_UNUSED_VARIABLE = YES;
				IPHONEOS_DEPLOYMENT_TARGET = 7.0;
				SDKROOT = iphoneos;
				VALIDATE_PRODUCT = YES;
			};
			name = Release;
		};
		75A0F4AD196FE38C004EC758 /* Debug */ = {
			isa = XCBuildConfiguration;
			buildSettings = {
				ASSETCATALOG_COMPILER_APPICON_NAME = AppIcon;
				ASSETCATALOG_COMPILER_LAUNCHIMAGE_NAME = LaunchImage;
				GCC_PRECOMPILE_PREFIX_HEADER = YES;
				GCC_PREFIX_HEADER = "gitTest/gitTest-Prefix.pch";
				INFOPLIST_FILE = "gitTest/gitTest-Info.plist";
				PRODUCT_NAME = "$(TARGET_NAME)";
				WRAPPER_EXTENSION = app;
			};
			name = Debug;
		};
		75A0F4AE196FE38C004EC758 /* Release */ = {
			isa = XCBuildConfiguration;
			buildSettings = {
				ASSETCATALOG_COMPILER_APPICON_NAME = AppIcon;
				ASSETCATALOG_COMPILER_LAUNCHIMAGE_NAME = LaunchImage;
				GCC_PRECOMPILE_PREFIX_HEADER = YES;
				GCC_PREFIX_HEADER = "gitTest/gitTest-Prefix.pch";
				INFOPLIST_FILE = "gitTest/gitTest-Info.plist";
				PRODUCT_NAME = "$(TARGET_NAME)";
				WRAPPER_EXTENSION = app;
			};
			name = Release;
		};
		75A0F4B0196FE38C004EC758 /* Debug */ = {
			isa = XCBuildConfiguration;
			buildSettings = {
				ARCHS = "$(ARCHS_STANDARD_INCLUDING_64_BIT)";
				BUNDLE_LOADER = "$(BUILT_PRODUCTS_DIR)/gitTest.app/gitTest";
				FRAMEWORK_SEARCH_PATHS = (
					"$(SDKROOT)/Developer/Library/Frameworks",
					"$(inherited)",
					"$(DEVELOPER_FRAMEWORKS_DIR)",
				);
				GCC_PRECOMPILE_PREFIX_HEADER = YES;
				GCC_PREFIX_HEADER = "gitTest/gitTest-Prefix.pch";
				GCC_PREPROCESSOR_DEFINITIONS = (
					"DEBUG=1",
					"$(inherited)",
				);
				INFOPLIST_FILE = "gitTestTests/gitTestTests-Info.plist";
				PRODUCT_NAME = "$(TARGET_NAME)";
				TEST_HOST = "$(BUNDLE_LOADER)";
				WRAPPER_EXTENSION = xctest;
			};
			name = Debug;
		};
		75A0F4B1196FE38C004EC758 /* Release */ = {
			isa = XCBuildConfiguration;
			buildSettings = {
				ARCHS = "$(ARCHS_STANDARD_INCLUDING_64_BIT)";
				BUNDLE_LOADER = "$(BUILT_PRODUCTS_DIR)/gitTest.app/gitTest";
				FRAMEWORK_SEARCH_PATHS = (
					"$(SDKROOT)/Developer/Library/Frameworks",
					"$(inherited)",
					"$(DEVELOPER_FRAMEWORKS_DIR)",
				);
				GCC_PRECOMPILE_PREFIX_HEADER = YES;
				GCC_PREFIX_HEADER = "gitTest/gitTest-Prefix.pch";
				INFOPLIST_FILE = "gitTestTests/gitTestTests-Info.plist";
				PRODUCT_NAME = "$(TARGET_NAME)";
				TEST_HOST = "$(BUNDLE_LOADER)";
				WRAPPER_EXTENSION = xctest;
			};
			name = Release;
		};
/* End XCBuildConfiguration section */

/* Begin XCConfigurationList section */
		75A0F475196FE38C004EC758 /* Build configuration list for PBXProject "gitTest" */ = {
			isa = XCConfigurationList;
			buildConfigurations = (
				75A0F4AA196FE38C004EC758 /* Debug */,
				75A0F4AB196FE38C004EC758 /* Release */,
			);
			defaultConfigurationIsVisible = 0;
			defaultConfigurationName = Release;
		};
		75A0F4AC196FE38C004EC758 /* Build configuration list for PBXNativeTarget "gitTest" */ = {
			isa = XCConfigurationList;
			buildConfigurations = (
				75A0F4AD196FE38C004EC758 /* Debug */,
				75A0F4AE196FE38C004EC758 /* Release */,
			);
			defaultConfigurationIsVisible = 0;
		};
		75A0F4AF196FE38C004EC758 /* Build configuration list for PBXNativeTarget "gitTestTests" */ = {
			isa = XCConfigurationList;
			buildConfigurations = (
				75A0F4B0196FE38C004EC758 /* Debug */,
				75A0F4B1196FE38C004EC758 /* Release */,
			);
			defaultConfigurationIsVisible = 0;
		};
/* End XCConfigurationList section */
	};
	rootObject = 75A0F472196FE38C004EC758 /* Project object */;
}
